
Microsoft Visual Studio Solution File, Format Version 12.00
# Visual Studio Version 17
VisualStudioVersion = 17.12.35521.163
MinimumVisualStudioVersion = 10.0.40219.1
Project("{FAE04EC0-301F-11D3-BF4B-00C04F79EFBC}") = "Assignment", "Assignment\Assignment.csproj", "{32C32343-72C8-48CC-8352-E5FD68522B4A}"
EndProject
Project("{FAE04EC0-301F-11D3-BF4B-00C04F79EFBC}") = "EmployeeManagement.Data", "EmployeeManagement.Data\EmployeeManagement.Data.csproj", "{86793D53-A51F-43B0-8B4C-F3C97EFB0EF2}"
EndProject
Project("{FAE04EC0-301F-11D3-BF4B-00C04F79EFBC}") = "EmployeeManagement.Model", "EmployeeManagement.Model\EmployeeManagement.Model.csproj", "{B4A39F8B-FE08-4B66-BA5B-D3DC052B5152}"
EndProject
Project("{FAE04EC0-301F-11D3-BF4B-00C04F79EFBC}") = "EmployeeManagement.Service", "EmployeeManagement.Service\EmployeeManagement.Service.csproj", "{7BA2A3F9-B7DE-4A70-B65A-DE5F240E4D60}"
EndProject
Project("{FAE04EC0-301F-11D3-BF4B-00C04F79EFBC}") = "Common", "Common\Common.csproj", "{6FF9C0A0-314E-432F-973E-26EED78D0718}"
EndProject
Global
	GlobalSection(SolutionConfigurationPlatforms) = preSolution
		Debug|Any CPU = Debug|Any CPU
		Release|Any CPU = Release|Any CPU
	EndGlobalSection
	GlobalSection(ProjectConfigurationPlatforms) = postSolution
		{32C32343-72C8-48CC-8352-E5FD68522B4A}.Debug|Any CPU.ActiveCfg = Debug|Any CPU
		{32C32343-72C8-48CC-8352-E5FD68522B4A}.Debug|Any CPU.Build.0 = Debug|Any CPU
		{32C32343-72C8-48CC-8352-E5FD68522B4A}.Release|Any CPU.ActiveCfg = Release|Any CPU
		{32C32343-72C8-48CC-8352-E5FD68522B4A}.Release|Any CPU.Build.0 = Release|Any CPU
		{86793D53-A51F-43B0-8B4C-F3C97EFB0EF2}.Debug|Any CPU.ActiveCfg = Debug|Any CPU
		{86793D53-A51F-43B0-8B4C-F3C97EFB0EF2}.Debug|Any CPU.Build.0 = Debug|Any CPU
		{86793D53-A51F-43B0-8B4C-F3C97EFB0EF2}.Release|Any CPU.ActiveCfg = Release|Any CPU
		{86793D53-A51F-43B0-8B4C-F3C97EFB0EF2}.Release|Any CPU.Build.0 = Release|Any CPU
		{B4A39F8B-FE08-4B66-BA5B-D3DC052B5152}.Debug|Any CPU.ActiveCfg = Debug|Any CPU
		{B4A39F8B-FE08-4B66-BA5B-D3DC052B5152}.Debug|Any CPU.Build.0 = Debug|Any CPU
		{B4A39F8B-FE08-4B66-BA5B-D3DC052B5152}.Release|Any CPU.ActiveCfg = Release|Any CPU
		{B4A39F8B-FE08-4B66-BA5B-D3DC052B5152}.Release|Any CPU.Build.0 = Release|Any CPU
		{7BA2A3F9-B7DE-4A70-B65A-DE5F240E4D60}.Debug|Any CPU.ActiveCfg = Debug|Any CPU
		{7BA2A3F9-B7DE-4A70-B65A-DE5F240E4D60}.Debug|Any CPU.Build.0 = Debug|Any CPU
		{7BA2A3F9-B7DE-4A70-B65A-DE5F240E4D60}.Release|Any CPU.ActiveCfg = Release|Any CPU
		{7BA2A3F9-B7DE-4A70-B65A-DE5F240E4D60}.Release|Any CPU.Build.0 = Release|Any CPU
		{6FF9C0A0-314E-432F-973E-26EED78D0718}.Debug|Any CPU.ActiveCfg = Debug|Any CPU
		{6FF9C0A0-314E-432F-973E-26EED78D0718}.Debug|Any CPU.Build.0 = Debug|Any CPU
		{6FF9C0A0-314E-432F-973E-26EED78D0718}.Release|Any CPU.ActiveCfg = Release|Any CPU
		{6FF9C0A0-314E-432F-973E-26EED78D0718}.Release|Any CPU.Build.0 = Release|Any CPU
	EndGlobalSection
	GlobalSection(SolutionProperties) = preSolution
		HideSolutionNode = FALSE
	EndGlobalSection
EndGlobal
